# THIS IS AN AUTOGENERATED FILE. DO NOT EDIT THIS FILE DIRECTLY.
# yarn lockfile v1


bluebird@^3.7.2:
  version "3.7.2"
  resolved "https://registry.yarnpkg.com/bluebird/-/bluebird-3.7.2.tgz#9f229c15be272454ffa973ace0dbee79a1b0c36f"
  integrity sha512-XpNj6GDQzdfW+r2Wnn7xiSAd7TM3jzkxGXBGTtWKuSXv1xUV+azxAm8jdWZN06QTQk+2N2XB9jRDkvbmQmcRtg==

lodash@^4.17.12:
  version "4.17.21"
  resolved "https://registry.yarnpkg.com/lodash/-/lodash-4.17.21.tgz#679591c564c3bffaae8454cf0b3df370c3d6911c"
  integrity sha512-v2kDEe57lecTulaDIuNTPy3Ry4gLGJ6Z1O3vE1krgXZNrsQ+LFTGHVxVjcXPs17LhbZVGedAJv8XZ1tvj5FvSg==

minimist@^1.2.5:
  version "1.2.6"
  resolved "https://registry.yarnpkg.com/minimist/-/minimist-1.2.6.tgz#8637a5b759ea0d6e98702cfb3a9283323c93af44"
  integrity sha512-Jsjnk4bw3YJqYzbdyBiNsPWHPfO++UGG749Cxs6peCu5Xg4nrena6OVxOYxrQTqww0Jmwt+Ref8rggumkTLz9Q==

serverless-dynamodb-seed@^0.3.0:
  version "0.3.0"
  resolved "https://registry.yarnpkg.com/serverless-dynamodb-seed/-/serverless-dynamodb-seed-0.3.0.tgz#1c91337a603d89f09fb5d24a900c6aa419ed2c7c"
  integrity sha512-wwfFh4wwmisRnMlEkNjx/x4srVv01gkjCR8tCkEtEFColsZe3ROC8eX/yFZl/tebix1nK1xi1oQwGF6QqYVZyQ==
  dependencies:
    bluebird "^3.7.2"

serverless-plugin-scripts@^1.0.2:
  version "1.0.2"
  resolved "https://registry.yarnpkg.com/serverless-plugin-scripts/-/serverless-plugin-scripts-1.0.2.tgz#21808c3cfd0a1a84e48c0660b0f6f370b5665486"
  integrity sha1-IYCMPP0KGoTkjAZgsPbzcLVmVIY=

serverless-stack-termination-protection@^1.0.4:
  version "1.0.4"
  resolved "https://registry.yarnpkg.com/serverless-stack-termination-protection/-/serverless-stack-termination-protection-1.0.4.tgz#e0430108cfc8f4d72a63138ef5781c6fe9707868"
  integrity sha512-2uOF6/t90VXpWq8ZbWgEXMiYXA+9ZKsgm8or5jJLQYnm0Sbu2z7/EK2/ACwH4uaErFOdprI0tO9H8STdKK4TFQ==
